{
  "name": "cli",
  "version": "1.0.0",
  "lockfileVersion": 1,
  "requires": true,
  "dependencies": {
    "@actions/core": {
      "version": "1.2.0",
      "resolved": "https://registry.npmjs.org/@actions/core/-/core-1.2.0.tgz",
      "integrity": "sha512-ZKdyhlSlyz38S6YFfPnyNgCDZuAF2T0Qv5eHflNWytPS8Qjvz39bZFMry9Bb/dpSnqWcNeav5yM2CTYpJeY+Dw=="
    },
    "@actions/exec": {
      "version": "1.0.1",
      "resolved": "https://registry.npmjs.org/@actions/exec/-/exec-1.0.1.tgz",
      "integrity": "sha512-nvFkxwiicvpzNiCBF4wFBDfnBvi7xp/as7LE1hBxBxKG2L29+gkIPBiLKMVORL+Hg3JNf07AKRfl0V5djoypjQ=="
    },
    "@actions/io": {
      "version": "1.0.1",
      "resolved": "https://registry.npmjs.org/@actions/io/-/io-1.0.1.tgz",
      "integrity": "sha512-rhq+tfZukbtaus7xyUtwKfuiCRXd1hWSfmJNEpFgBQJ4woqPEpsBw04awicjwz9tyG2/MVhAEMfVn664Cri5zA=="
    },
    "@types/node": {
      "version": "12.12.0",
      "resolved": "https://registry.npmjs.org/@types/node/-/node-12.12.0.tgz",
      "integrity": "sha512-6N8Sa5AaENRtJnpKXZgvc119PKxT1Lk9VPy4kfT8JF23tIe1qDfaGkBR2DRKJFIA7NptMz+fps//C6aLi1Uoug==",
      "dev": true
    },
    "typescript": {
      "version": "3.6.4",
      "resolved": "https://registry.npmjs.org/typescript/-/typescript-3.6.4.tgz",
      "integrity": "sha512-unoCll1+l+YK4i4F8f22TaNVPRHcD9PA3yCuZ8g5e0qGqlVlJ/8FSateOLLSagn+Yg5+ZwuPkL8LFUc0Jcvksg==",
      "dev": true
    }
  }
}
