{
  "name": "cli",
  "version": "1.0.0",
  "lockfileVersion": 1,
  "requires": true,
  "dependencies": {
    "@actions/core": {
      "version": "1.2.0",
      "resolved": "https://registry.npmjs.org/@actions/core/-/core-1.2.0.tgz",
      "integrity": "sha512-ZKdyhlSlyz38S6YFfPnyNgCDZuAF2T0Qv5eHflNWytPS8Qjvz39bZFMry9Bb/dpSnqWcNeav5yM2CTYpJeY+Dw=="
    },
    "@actions/exec": {
      "version": "1.0.1",
      "resolved": "https://registry.npmjs.org/@actions/exec/-/exec-1.0.1.tgz",
      "integrity": "sha512-nvFkxwiicvpzNiCBF4wFBDfnBvi7xp/as7LE1hBxBxKG2L29+gkIPBiLKMVORL+Hg3JNf07AKRfl0V5djoypjQ=="
    },
    "@actions/io": {
      "version": "1.0.1",
      "resolved": "https://registry.npmjs.org/@actions/io/-/io-1.0.1.tgz",
      "integrity": "sha512-rhq+tfZukbtaus7xyUtwKfuiCRXd1hWSfmJNEpFgBQJ4woqPEpsBw04awicjwz9tyG2/MVhAEMfVn664Cri5zA=="
    },
    "@types/node": {
      "version": "12.12.6",
      "resolved": "https://registry.npmjs.org/@types/node/-/node-12.12.6.tgz",
      "integrity": "sha512-FjsYUPzEJdGXjwKqSpE0/9QEh6kzhTAeObA54rn6j3rR4C/mzpI9L0KNfoeASSPMMdxIsoJuCLDWcM/rVjIsSA==",
      "dev": true
    },
    "credscan-pkg": {
      "version": "file:credscan-pkg-1.0.0.tgz",
      "integrity": "sha512-XAiRd5fF3qonVYa/oUHreELuPDELmyoQa58/VV8uxqDgtV1Pl4NbFVrKQHcVqjVg6uQFg8S9lHmeNGai3qi/zg==",
      "requires": {
        "@actions/core": "^1.4.0",
        "edge-js": "^15.5.2"
      },
      "dependencies": {
        "@actions/core": {
          "version": "1.4.0",
          "resolved": "https://registry.npmjs.org/@actions/core/-/core-1.4.0.tgz",
          "integrity": "sha1-zy5u4xfjFLA4hq3+sg5EjVDW5SQ="
        }
      }
    },
    "edge-cs": {
      "version": "1.2.1",
      "resolved": "https://registry.npmjs.org/edge-cs/-/edge-cs-1.2.1.tgz",
      "integrity": "sha1-vRqezblO8O1AyJRYIEZ0nlcEXlo="
    },
    "edge-js": {
      "version": "15.5.2",
      "resolved": "https://registry.npmjs.org/edge-js/-/edge-js-15.5.2.tgz",
      "integrity": "sha512-9mR9oDcOl/VCyHOL3KlvJYEtKJ/4btqGBWnqN6hqQEalBkk1u1PKjCS2mmwgwfxmsleXy8rrccu9Gnyn3LO9LA==",
      "requires": {
        "edge-cs": "1.2.1",
        "nan": "^2.14.0"
      }
    },
    "nan": {
      "version": "2.14.2",
      "resolved": "https://registry.npmjs.org/nan/-/nan-2.14.2.tgz",
      "integrity": "sha512-M2ufzIiINKCuDfBSAUr1vWQ+vuVcA9kqx8JJUsbQi6yf1uGRyb7HfpdfUr5qLXf3B/t8dPvcjhKMmlfnP47EzQ=="
    },
    "typescript": {
      "version": "3.7.2",
      "resolved": "https://registry.npmjs.org/typescript/-/typescript-3.7.2.tgz",
      "integrity": "sha512-ml7V7JfiN2Xwvcer+XAf2csGO1bPBdRbFCkYBczNZggrBZ9c7G3riSUeJmqEU5uOtXNPMhE3n+R4FA/3YOAWOQ==",
      "dev": true
    }
  }
}
